
Microsoft Visual Studio Solution File, Format Version 12.00
# Visual Studio Version 16
VisualStudioVersion = 16.0.30711.63
MinimumVisualStudioVersion = 10.0.40219.1
Project("{FAE04EC0-301F-11D3-BF4B-00C04F79EFBC}") = "HelloMvcTemplate", "HelloMvcTemplate\HelloMvcTemplate.csproj", "{BCD8CB78-8CB3-4039-853F-351534810844}"
EndProject
Global
	GlobalSection(SolutionConfigurationPlatforms) = preSolution
		Debug|Any CPU = Debug|Any CPU
		Release|Any CPU = Release|Any CPU
	EndGlobalSection
	GlobalSection(ProjectConfigurationPlatforms) = postSolution
		{BCD8CB78-8CB3-4039-853F-351534810844}.Debug|Any CPU.ActiveCfg = Debug|Any CPU
		{BCD8CB78-8CB3-4039-853F-351534810844}.Debug|Any CPU.Build.0 = Debug|Any CPU
		{BCD8CB78-8CB3-4039-853F-351534810844}.Release|Any CPU.ActiveCfg = Release|Any CPU
		{BCD8CB78-8CB3-4039-853F-351534810844}.Release|Any CPU.Build.0 = Release|Any CPU
	EndGlobalSection
	GlobalSection(SolutionProperties) = preSolution
		HideSolutionNode = FALSE
	EndGlobalSection
	GlobalSection(ExtensibilityGlobals) = postSolution
		SolutionGuid = {230CD8C5-943B-4BB7-B0F0-9AD38B98CF32}
	EndGlobalSection
EndGlobal
