
Microsoft Visual Studio Solution File, Format Version 12.00
# Visual Studio Version 16
VisualStudioVersion = 16.0.30711.63
MinimumVisualStudioVersion = 10.0.40219.1
Project("{9A19103F-16F7-4668-BE54-9A1E7A4F7556}") = "HelloAspNetCore", "HelloAspNetCore\HelloAspNetCore.csproj", "{77B039E7-A8AE-4365-8928-3D2AAD1203FC}"
EndProject
Global
	GlobalSection(SolutionConfigurationPlatforms) = preSolution
		Debug|Any CPU = Debug|Any CPU
		Release|Any CPU = Release|Any CPU
	EndGlobalSection
	GlobalSection(ProjectConfigurationPlatforms) = postSolution
		{77B039E7-A8AE-4365-8928-3D2AAD1203FC}.Debug|Any CPU.ActiveCfg = Debug|Any CPU
		{77B039E7-A8AE-4365-8928-3D2AAD1203FC}.Debug|Any CPU.Build.0 = Debug|Any CPU
		{77B039E7-A8AE-4365-8928-3D2AAD1203FC}.Release|Any CPU.ActiveCfg = Release|Any CPU
		{77B039E7-A8AE-4365-8928-3D2AAD1203FC}.Release|Any CPU.Build.0 = Release|Any CPU
	EndGlobalSection
	GlobalSection(SolutionProperties) = preSolution
		HideSolutionNode = FALSE
	EndGlobalSection
	GlobalSection(ExtensibilityGlobals) = postSolution
		SolutionGuid = {6B67BEEB-B2C9-48F5-BBE8-BFD19BC4AF9F}
	EndGlobalSection
EndGlobal
